
Microsoft Visual Studio Solution File, Format Version 12.00
# Visual Studio Version 17
VisualStudioVersion = 17.8.34330.188
MinimumVisualStudioVersion = 10.0.40219.1
Project("{FAE04EC0-301F-11D3-BF4B-00C04F79EFBC}") = "inicijalni3", "inicijalni3\inicijalni3.csproj", "{5CF99FF5-6AD9-4AAC-B947-1D6507F11F3D}"
EndProject
Global
	GlobalSection(SolutionConfigurationPlatforms) = preSolution
		Debug|Any CPU = Debug|Any CPU
		Release|Any CPU = Release|Any CPU
	EndGlobalSection
	GlobalSection(ProjectConfigurationPlatforms) = postSolution
		{5CF99FF5-6AD9-4AAC-B947-1D6507F11F3D}.Debug|Any CPU.ActiveCfg = Debug|Any CPU
		{5CF99FF5-6AD9-4AAC-B947-1D6507F11F3D}.Debug|Any CPU.Build.0 = Debug|Any CPU
		{5CF99FF5-6AD9-4AAC-B947-1D6507F11F3D}.Release|Any CPU.ActiveCfg = Release|Any CPU
		{5CF99FF5-6AD9-4AAC-B947-1D6507F11F3D}.Release|Any CPU.Build.0 = Release|Any CPU
	EndGlobalSection
	GlobalSection(SolutionProperties) = preSolution
		HideSolutionNode = FALSE
	EndGlobalSection
	GlobalSection(ExtensibilityGlobals) = postSolution
		SolutionGuid = {CB569C24-B5FC-46C1-B738-2A69547D2E51}
	EndGlobalSection
EndGlobal
