
Microsoft Visual Studio Solution File, Format Version 12.00
# Visual Studio Version 17
VisualStudioVersion = 17.8.34330.188
MinimumVisualStudioVersion = 10.0.40219.1
Project("{FAE04EC0-301F-11D3-BF4B-00C04F79EFBC}") = "inicijalni4", "inicijalni4\inicijalni4.csproj", "{DC0E88EB-EFF0-4C82-814A-F948E5064D1A}"
EndProject
Global
	GlobalSection(SolutionConfigurationPlatforms) = preSolution
		Debug|Any CPU = Debug|Any CPU
		Release|Any CPU = Release|Any CPU
	EndGlobalSection
	GlobalSection(ProjectConfigurationPlatforms) = postSolution
		{DC0E88EB-EFF0-4C82-814A-F948E5064D1A}.Debug|Any CPU.ActiveCfg = Debug|Any CPU
		{DC0E88EB-EFF0-4C82-814A-F948E5064D1A}.Debug|Any CPU.Build.0 = Debug|Any CPU
		{DC0E88EB-EFF0-4C82-814A-F948E5064D1A}.Release|Any CPU.ActiveCfg = Release|Any CPU
		{DC0E88EB-EFF0-4C82-814A-F948E5064D1A}.Release|Any CPU.Build.0 = Release|Any CPU
	EndGlobalSection
	GlobalSection(SolutionProperties) = preSolution
		HideSolutionNode = FALSE
	EndGlobalSection
	GlobalSection(ExtensibilityGlobals) = postSolution
		SolutionGuid = {41CC044F-ABCD-4295-924A-1F7CEB914557}
	EndGlobalSection
EndGlobal
